
Microsoft Visual Studio Solution File, Format Version 12.00
# Visual Studio Version 17
VisualStudioVersion = 17.11.35303.130
MinimumVisualStudioVersion = 10.0.40219.1
Project("{2150E333-8FDC-42A3-9474-1A3956D46DE8}") = "Task0", "Task0", "{0865865B-9D61-4BBF-8309-3186C478E6A8}"
EndProject
Project("{9A19103F-16F7-4668-BE54-9A1E7A4F7556}") = "Tyuiu.VorobevAD.Sprint1.Task0.V30", "Tyuiu.VorobevAD.Sprint1.Task0.V30\Tyuiu.VorobevAD.Sprint1.Task0.V30.csproj", "{CAE53E72-00FB-442A-838D-A770BA76435F}"
EndProject
Project("{9A19103F-16F7-4668-BE54-9A1E7A4F7556}") = "Tyuiu.VorobevAD.Sprint1.Task0.V30.Test", "Tyuiu.VorobevAD.Sprint1.Task0.V30.Test\Tyuiu.VorobevAD.Sprint1.Task0.V30.Test.csproj", "{706ABA8A-5EA4-4499-911C-372E2D12CB99}"
EndProject
Project("{9A19103F-16F7-4668-BE54-9A1E7A4F7556}") = "Tyuiu.VorobevAD.Sprint1.Task0.V30.Lib", "Tyuiu.VorobevAD.Sprint1.Task0.V30.Lib\Tyuiu.VorobevAD.Sprint1.Task0.V30.Lib.csproj", "{79D4DD1A-FC7F-4E27-A0EF-7BD54DAE3CFA}"
EndProject
Project("{2150E333-8FDC-42A3-9474-1A3956D46DE8}") = "Task1", "Task1", "{9339FB62-1D42-4AE0-AD6C-32A8A5366157}"
EndProject
Project("{9A19103F-16F7-4668-BE54-9A1E7A4F7556}") = "Tyuiu.VorobevAD.Sprint1.Task1.V2", "Tyuiu.VorobevAD.Sprint1.Task1.V2\Tyuiu.VorobevAD.Sprint1.Task1.V2.csproj", "{CF6EE322-FC9F-444C-99F1-E24448137F50}"
EndProject
Project("{9A19103F-16F7-4668-BE54-9A1E7A4F7556}") = "Tyuiu.VorobevAD.Sprint1.Task1.V2.Lib", "Tyuiu.VorobevAD.Sprint1.Task1.V2.Lib\Tyuiu.VorobevAD.Sprint1.Task1.V2.Lib.csproj", "{F51881F3-8DC0-45E2-B895-B2207BF35AB5}"
EndProject
Project("{9A19103F-16F7-4668-BE54-9A1E7A4F7556}") = "Tyuiu.VorobevAD.Sprint1.Task1.V2.Test", "Tyuiu.VorobevAD.Sprint1.Task1.V2.Test\Tyuiu.VorobevAD.Sprint1.Task1.V2.Test.csproj", "{2A40F494-4A8F-4BEC-AFDF-FD966073C4FF}"
EndProject
Project("{2150E333-8FDC-42A3-9474-1A3956D46DE8}") = "Task2", "Task2", "{8322E813-3D04-4D21-B5E8-52065A5AA1C9}"
EndProject
Project("{9A19103F-16F7-4668-BE54-9A1E7A4F7556}") = "Tyuiu.VorobevAD.Sprint1.Task2.V20", "Tyuiu.VorobevAD.Sprint1.Task2.V20\Tyuiu.VorobevAD.Sprint1.Task2.V20.csproj", "{AB555DED-3721-4E6F-9D4C-4C8C6EE27A89}"
EndProject
Project("{9A19103F-16F7-4668-BE54-9A1E7A4F7556}") = "Tyuiu.VorobevAD.Sprint1.Task2.V20.Lib", "Tyuiu.VorobevAD.Sprint1.Task2.V20.Lib\Tyuiu.VorobevAD.Sprint1.Task2.V20.Lib.csproj", "{287176AA-BE42-4597-9305-6B20198922C7}"
EndProject
Project("{9A19103F-16F7-4668-BE54-9A1E7A4F7556}") = "Tyuiu.VorobevAD.Sprint1.Task2.V20.Test", "Tyuiu.VorobevAD.Sprint1.Task2.V20.Test\Tyuiu.VorobevAD.Sprint1.Task2.V20.Test.csproj", "{419CF614-D5B7-4B59-8104-8D66633ACDBF}"
EndProject
Project("{2150E333-8FDC-42A3-9474-1A3956D46DE8}") = "Task3", "Task3", "{0DEF969C-CEC6-4D51-8175-C29778B094E6}"
EndProject
Project("{9A19103F-16F7-4668-BE54-9A1E7A4F7556}") = "Tyuiu.VorobevAD.Sprint1.Task3.V16", "Tyuiu.VorobevAD.Sprint1.Task3.V16\Tyuiu.VorobevAD.Sprint1.Task3.V16.csproj", "{6DCC1AA3-5F4D-46A7-B05B-8A98373DD2C2}"
EndProject
Project("{9A19103F-16F7-4668-BE54-9A1E7A4F7556}") = "Tyuiu.VorobevAD.Sprint1.Task3.V16.Lib", "Tyuiu.VorobevAD.Sprint1.Task3.V16.Lib\Tyuiu.VorobevAD.Sprint1.Task3.V16.Lib.csproj", "{5D625652-5C51-40E9-A60A-6534437B74F0}"
EndProject
Project("{9A19103F-16F7-4668-BE54-9A1E7A4F7556}") = "Tyuiu.VorobevAD.Sprint1.Task3.V16.Test", "Tyuiu.VorobevAD.Sprint1.Task3.V16.Test\Tyuiu.VorobevAD.Sprint1.Task3.V16.Test.csproj", "{4AB7C7ED-CABE-4440-A81B-3E200EAE59C0}"
EndProject
Project("{2150E333-8FDC-42A3-9474-1A3956D46DE8}") = "Task4", "Task4", "{74743971-B8ED-45A2-A0B6-531C2B56A3E1}"
EndProject
Project("{9A19103F-16F7-4668-BE54-9A1E7A4F7556}") = "Tyuiu.VorobevAD.Sprint1.Task4.V7", "Tyuiu.VorobevAD.Sprint1.Task4.V7\Tyuiu.VorobevAD.Sprint1.Task4.V7.csproj", "{74C1E248-70FF-4450-B938-9C4E8079826F}"
EndProject
Project("{9A19103F-16F7-4668-BE54-9A1E7A4F7556}") = "Tyuiu.VorobevAD.Sprint1.Task4.V7.Lib", "Tyuiu.VorobevAD.Sprint1.Task4.V7.Lib\Tyuiu.VorobevAD.Sprint1.Task4.V7.Lib.csproj", "{185FBEAF-AA1C-47BC-93D6-60CA0BDDEA1D}"
EndProject
Project("{9A19103F-16F7-4668-BE54-9A1E7A4F7556}") = "Tyuiu.VorobevAD.Sprint1.Task4.V7.Test", "Tyuiu.VorobevAD.Sprint1.Task4.V7.Test\Tyuiu.VorobevAD.Sprint1.Task4.V7.Test.csproj", "{3C961347-BA4F-4D87-9B31-F2E1A7491D6B}"
EndProject
Project("{2150E333-8FDC-42A3-9474-1A3956D46DE8}") = "Task5", "Task5", "{C51A4B6D-B073-48EC-8F29-82556F6F1B21}"
EndProject
Project("{2150E333-8FDC-42A3-9474-1A3956D46DE8}") = "Task6", "Task6", "{ED7A5134-BAF3-4464-8E38-AA3164A1C2BB}"
EndProject
Project("{FAE04EC0-301F-11D3-BF4B-00C04F79EFBC}") = "Tyuiu.VorobevAD.Sprint1.Task5.V6", "Tyuiu.VorobevAD.Sprint1.Task5.V6\Tyuiu.VorobevAD.Sprint1.Task5.V6.csproj", "{3920C5AC-537E-48B6-8CBE-C32BFE40A20A}"
EndProject
Project("{FAE04EC0-301F-11D3-BF4B-00C04F79EFBC}") = "Tyuiu.VorobevAD.Sprint1.Task5.V6.Lib", "Tyuiu.VorobevAD.Sprint1.Task5.V6.Lib\Tyuiu.VorobevAD.Sprint1.Task5.V6.Lib.csproj", "{260C6B38-EF76-4C6D-ADFC-7B0981E84262}"
EndProject
Project("{FAE04EC0-301F-11D3-BF4B-00C04F79EFBC}") = "Tyuiu.VorobevAD.Sprint1.Task5.V6.Test", "Tyuiu.VorobevAD.Sprint1.Task5.V6.Test\Tyuiu.VorobevAD.Sprint1.Task5.V6.Test.csproj", "{AD9EE0F9-13D2-4C66-BE57-416D29D416BD}"
EndProject
Project("{FAE04EC0-301F-11D3-BF4B-00C04F79EFBC}") = "Tyuiu.VorobevAD.Sprint1.Task6.V2", "Tyuiu.VorobevAD.Task6.V2\Tyuiu.VorobevAD.Sprint1.Task6.V2.csproj", "{7CD548A2-49CD-4F1D-B19E-65DACB18BA82}"
EndProject
Project("{FAE04EC0-301F-11D3-BF4B-00C04F79EFBC}") = "Tyuiu.VorobevAD.Sprint1.Task6.V2.Lib", "Tyuiu.VorobevAD.Sprint1.Task6.V2.Lib\Tyuiu.VorobevAD.Sprint1.Task6.V2.Lib.csproj", "{61D4FF3F-735D-41CF-A6DD-2A797AE6C1BC}"
EndProject
Project("{FAE04EC0-301F-11D3-BF4B-00C04F79EFBC}") = "Tyuiu.VorobevAD.Sprint1.Task6.V2.Test", "Tyuiu.VorobevAD.Sprint1.Task6.V2.Test\Tyuiu.VorobevAD.Sprint1.Task6.V2.Test.csproj", "{8F1048DB-A90A-4C19-B7EA-245D0B594F40}"
EndProject
Project("{2150E333-8FDC-42A3-9474-1A3956D46DE8}") = "Task7", "Task7", "{438ADA9E-3CEF-4EFD-B4F4-CC1A138602B3}"
EndProject
Project("{FAE04EC0-301F-11D3-BF4B-00C04F79EFBC}") = "Tyuiu.VorobevAD.Sprint1.Task7.V18", "Tyuiu.VorobevAD.Sprint1.Task7.V18\Tyuiu.VorobevAD.Sprint1.Task7.V18.csproj", "{2D089470-1575-4497-BA3C-0D60AABDCCEB}"
EndProject
Project("{FAE04EC0-301F-11D3-BF4B-00C04F79EFBC}") = "Tyuiu.VorobevAD.Sprint1.Task7.V18.Lib", "Tyuiu.VorobevAD.Sprint1.Task7.V18.Lib\Tyuiu.VorobevAD.Sprint1.Task7.V18.Lib.csproj", "{2F95A1A0-D9A8-42E0-A4FE-7AF12C183789}"
EndProject
Project("{FAE04EC0-301F-11D3-BF4B-00C04F79EFBC}") = "Tyuiu.VorobevAD.Sprint1.Task7.V18.Test", "Tyuiu.VorobevAD.Sprint1.Task7.V18.Test\Tyuiu.VorobevAD.Sprint1.Task7.V18.Test.csproj", "{AF5F4240-B91E-4A51-AB77-FAD4F6D6FC97}"
EndProject
Global
	GlobalSection(SolutionConfigurationPlatforms) = preSolution
		Debug|Any CPU = Debug|Any CPU
		Release|Any CPU = Release|Any CPU
	EndGlobalSection
	GlobalSection(ProjectConfigurationPlatforms) = postSolution
		{CAE53E72-00FB-442A-838D-A770BA76435F}.Debug|Any CPU.ActiveCfg = Debug|Any CPU
		{CAE53E72-00FB-442A-838D-A770BA76435F}.Debug|Any CPU.Build.0 = Debug|Any CPU
		{CAE53E72-00FB-442A-838D-A770BA76435F}.Release|Any CPU.ActiveCfg = Release|Any CPU
		{CAE53E72-00FB-442A-838D-A770BA76435F}.Release|Any CPU.Build.0 = Release|Any CPU
		{706ABA8A-5EA4-4499-911C-372E2D12CB99}.Debug|Any CPU.ActiveCfg = Debug|Any CPU
		{706ABA8A-5EA4-4499-911C-372E2D12CB99}.Debug|Any CPU.Build.0 = Debug|Any CPU
		{706ABA8A-5EA4-4499-911C-372E2D12CB99}.Release|Any CPU.ActiveCfg = Release|Any CPU
		{706ABA8A-5EA4-4499-911C-372E2D12CB99}.Release|Any CPU.Build.0 = Release|Any CPU
		{79D4DD1A-FC7F-4E27-A0EF-7BD54DAE3CFA}.Debug|Any CPU.ActiveCfg = Debug|Any CPU
		{79D4DD1A-FC7F-4E27-A0EF-7BD54DAE3CFA}.Debug|Any CPU.Build.0 = Debug|Any CPU
		{79D4DD1A-FC7F-4E27-A0EF-7BD54DAE3CFA}.Release|Any CPU.ActiveCfg = Release|Any CPU
		{79D4DD1A-FC7F-4E27-A0EF-7BD54DAE3CFA}.Release|Any CPU.Build.0 = Release|Any CPU
		{CF6EE322-FC9F-444C-99F1-E24448137F50}.Debug|Any CPU.ActiveCfg = Debug|Any CPU
		{CF6EE322-FC9F-444C-99F1-E24448137F50}.Debug|Any CPU.Build.0 = Debug|Any CPU
		{CF6EE322-FC9F-444C-99F1-E24448137F50}.Release|Any CPU.ActiveCfg = Release|Any CPU
		{CF6EE322-FC9F-444C-99F1-E24448137F50}.Release|Any CPU.Build.0 = Release|Any CPU
		{F51881F3-8DC0-45E2-B895-B2207BF35AB5}.Debug|Any CPU.ActiveCfg = Debug|Any CPU
		{F51881F3-8DC0-45E2-B895-B2207BF35AB5}.Debug|Any CPU.Build.0 = Debug|Any CPU
		{F51881F3-8DC0-45E2-B895-B2207BF35AB5}.Release|Any CPU.ActiveCfg = Release|Any CPU
		{F51881F3-8DC0-45E2-B895-B2207BF35AB5}.Release|Any CPU.Build.0 = Release|Any CPU
		{2A40F494-4A8F-4BEC-AFDF-FD966073C4FF}.Debug|Any CPU.ActiveCfg = Debug|Any CPU
		{2A40F494-4A8F-4BEC-AFDF-FD966073C4FF}.Debug|Any CPU.Build.0 = Debug|Any CPU
		{2A40F494-4A8F-4BEC-AFDF-FD966073C4FF}.Release|Any CPU.ActiveCfg = Release|Any CPU
		{2A40F494-4A8F-4BEC-AFDF-FD966073C4FF}.Release|Any CPU.Build.0 = Release|Any CPU
		{AB555DED-3721-4E6F-9D4C-4C8C6EE27A89}.Debug|Any CPU.ActiveCfg = Debug|Any CPU
		{AB555DED-3721-4E6F-9D4C-4C8C6EE27A89}.Debug|Any CPU.Build.0 = Debug|Any CPU
		{AB555DED-3721-4E6F-9D4C-4C8C6EE27A89}.Release|Any CPU.ActiveCfg = Release|Any CPU
		{AB555DED-3721-4E6F-9D4C-4C8C6EE27A89}.Release|Any CPU.Build.0 = Release|Any CPU
		{287176AA-BE42-4597-9305-6B20198922C7}.Debug|Any CPU.ActiveCfg = Debug|Any CPU
		{287176AA-BE42-4597-9305-6B20198922C7}.Debug|Any CPU.Build.0 = Debug|Any CPU
		{287176AA-BE42-4597-9305-6B20198922C7}.Release|Any CPU.ActiveCfg = Release|Any CPU
		{287176AA-BE42-4597-9305-6B20198922C7}.Release|Any CPU.Build.0 = Release|Any CPU
		{419CF614-D5B7-4B59-8104-8D66633ACDBF}.Debug|Any CPU.ActiveCfg = Debug|Any CPU
		{419CF614-D5B7-4B59-8104-8D66633ACDBF}.Debug|Any CPU.Build.0 = Debug|Any CPU
		{419CF614-D5B7-4B59-8104-8D66633ACDBF}.Release|Any CPU.ActiveCfg = Release|Any CPU
		{419CF614-D5B7-4B59-8104-8D66633ACDBF}.Release|Any CPU.Build.0 = Release|Any CPU
		{6DCC1AA3-5F4D-46A7-B05B-8A98373DD2C2}.Debug|Any CPU.ActiveCfg = Debug|Any CPU
		{6DCC1AA3-5F4D-46A7-B05B-8A98373DD2C2}.Debug|Any CPU.Build.0 = Debug|Any CPU
		{6DCC1AA3-5F4D-46A7-B05B-8A98373DD2C2}.Release|Any CPU.ActiveCfg = Release|Any CPU
		{6DCC1AA3-5F4D-46A7-B05B-8A98373DD2C2}.Release|Any CPU.Build.0 = Release|Any CPU
		{5D625652-5C51-40E9-A60A-6534437B74F0}.Debug|Any CPU.ActiveCfg = Debug|Any CPU
		{5D625652-5C51-40E9-A60A-6534437B74F0}.Debug|Any CPU.Build.0 = Debug|Any CPU
		{5D625652-5C51-40E9-A60A-6534437B74F0}.Release|Any CPU.ActiveCfg = Release|Any CPU
		{5D625652-5C51-40E9-A60A-6534437B74F0}.Release|Any CPU.Build.0 = Release|Any CPU
		{4AB7C7ED-CABE-4440-A81B-3E200EAE59C0}.Debug|Any CPU.ActiveCfg = Debug|Any CPU
		{4AB7C7ED-CABE-4440-A81B-3E200EAE59C0}.Debug|Any CPU.Build.0 = Debug|Any CPU
		{4AB7C7ED-CABE-4440-A81B-3E200EAE59C0}.Release|Any CPU.ActiveCfg = Release|Any CPU
		{4AB7C7ED-CABE-4440-A81B-3E200EAE59C0}.Release|Any CPU.Build.0 = Release|Any CPU
		{74C1E248-70FF-4450-B938-9C4E8079826F}.Debug|Any CPU.ActiveCfg = Debug|Any CPU
		{74C1E248-70FF-4450-B938-9C4E8079826F}.Debug|Any CPU.Build.0 = Debug|Any CPU
		{74C1E248-70FF-4450-B938-9C4E8079826F}.Release|Any CPU.ActiveCfg = Release|Any CPU
		{74C1E248-70FF-4450-B938-9C4E8079826F}.Release|Any CPU.Build.0 = Release|Any CPU
		{185FBEAF-AA1C-47BC-93D6-60CA0BDDEA1D}.Debug|Any CPU.ActiveCfg = Debug|Any CPU
		{185FBEAF-AA1C-47BC-93D6-60CA0BDDEA1D}.Debug|Any CPU.Build.0 = Debug|Any CPU
		{185FBEAF-AA1C-47BC-93D6-60CA0BDDEA1D}.Release|Any CPU.ActiveCfg = Release|Any CPU
		{185FBEAF-AA1C-47BC-93D6-60CA0BDDEA1D}.Release|Any CPU.Build.0 = Release|Any CPU
		{3C961347-BA4F-4D87-9B31-F2E1A7491D6B}.Debug|Any CPU.ActiveCfg = Debug|Any CPU
		{3C961347-BA4F-4D87-9B31-F2E1A7491D6B}.Debug|Any CPU.Build.0 = Debug|Any CPU
		{3C961347-BA4F-4D87-9B31-F2E1A7491D6B}.Release|Any CPU.ActiveCfg = Release|Any CPU
		{3C961347-BA4F-4D87-9B31-F2E1A7491D6B}.Release|Any CPU.Build.0 = Release|Any CPU
		{3920C5AC-537E-48B6-8CBE-C32BFE40A20A}.Debug|Any CPU.ActiveCfg = Debug|Any CPU
		{3920C5AC-537E-48B6-8CBE-C32BFE40A20A}.Debug|Any CPU.Build.0 = Debug|Any CPU
		{3920C5AC-537E-48B6-8CBE-C32BFE40A20A}.Release|Any CPU.ActiveCfg = Release|Any CPU
		{3920C5AC-537E-48B6-8CBE-C32BFE40A20A}.Release|Any CPU.Build.0 = Release|Any CPU
		{260C6B38-EF76-4C6D-ADFC-7B0981E84262}.Debug|Any CPU.ActiveCfg = Debug|Any CPU
		{260C6B38-EF76-4C6D-ADFC-7B0981E84262}.Debug|Any CPU.Build.0 = Debug|Any CPU
		{260C6B38-EF76-4C6D-ADFC-7B0981E84262}.Release|Any CPU.ActiveCfg = Release|Any CPU
		{260C6B38-EF76-4C6D-ADFC-7B0981E84262}.Release|Any CPU.Build.0 = Release|Any CPU
		{AD9EE0F9-13D2-4C66-BE57-416D29D416BD}.Debug|Any CPU.ActiveCfg = Debug|Any CPU
		{AD9EE0F9-13D2-4C66-BE57-416D29D416BD}.Debug|Any CPU.Build.0 = Debug|Any CPU
		{AD9EE0F9-13D2-4C66-BE57-416D29D416BD}.Release|Any CPU.ActiveCfg = Release|Any CPU
		{AD9EE0F9-13D2-4C66-BE57-416D29D416BD}.Release|Any CPU.Build.0 = Release|Any CPU
		{7CD548A2-49CD-4F1D-B19E-65DACB18BA82}.Debug|Any CPU.ActiveCfg = Debug|Any CPU
		{7CD548A2-49CD-4F1D-B19E-65DACB18BA82}.Debug|Any CPU.Build.0 = Debug|Any CPU
		{7CD548A2-49CD-4F1D-B19E-65DACB18BA82}.Release|Any CPU.ActiveCfg = Release|Any CPU
		{7CD548A2-49CD-4F1D-B19E-65DACB18BA82}.Release|Any CPU.Build.0 = Release|Any CPU
		{61D4FF3F-735D-41CF-A6DD-2A797AE6C1BC}.Debug|Any CPU.ActiveCfg = Debug|Any CPU
		{61D4FF3F-735D-41CF-A6DD-2A797AE6C1BC}.Debug|Any CPU.Build.0 = Debug|Any CPU
		{61D4FF3F-735D-41CF-A6DD-2A797AE6C1BC}.Release|Any CPU.ActiveCfg = Release|Any CPU
		{61D4FF3F-735D-41CF-A6DD-2A797AE6C1BC}.Release|Any CPU.Build.0 = Release|Any CPU
		{8F1048DB-A90A-4C19-B7EA-245D0B594F40}.Debug|Any CPU.ActiveCfg = Debug|Any CPU
		{8F1048DB-A90A-4C19-B7EA-245D0B594F40}.Debug|Any CPU.Build.0 = Debug|Any CPU
		{8F1048DB-A90A-4C19-B7EA-245D0B594F40}.Release|Any CPU.ActiveCfg = Release|Any CPU
		{8F1048DB-A90A-4C19-B7EA-245D0B594F40}.Release|Any CPU.Build.0 = Release|Any CPU
		{2D089470-1575-4497-BA3C-0D60AABDCCEB}.Debug|Any CPU.ActiveCfg = Debug|Any CPU
		{2D089470-1575-4497-BA3C-0D60AABDCCEB}.Debug|Any CPU.Build.0 = Debug|Any CPU
		{2D089470-1575-4497-BA3C-0D60AABDCCEB}.Release|Any CPU.ActiveCfg = Release|Any CPU
		{2D089470-1575-4497-BA3C-0D60AABDCCEB}.Release|Any CPU.Build.0 = Release|Any CPU
		{2F95A1A0-D9A8-42E0-A4FE-7AF12C183789}.Debug|Any CPU.ActiveCfg = Debug|Any CPU
		{2F95A1A0-D9A8-42E0-A4FE-7AF12C183789}.Debug|Any CPU.Build.0 = Debug|Any CPU
		{2F95A1A0-D9A8-42E0-A4FE-7AF12C183789}.Release|Any CPU.ActiveCfg = Release|Any CPU
		{2F95A1A0-D9A8-42E0-A4FE-7AF12C183789}.Release|Any CPU.Build.0 = Release|Any CPU
		{AF5F4240-B91E-4A51-AB77-FAD4F6D6FC97}.Debug|Any CPU.ActiveCfg = Debug|Any CPU
		{AF5F4240-B91E-4A51-AB77-FAD4F6D6FC97}.Debug|Any CPU.Build.0 = Debug|Any CPU
		{AF5F4240-B91E-4A51-AB77-FAD4F6D6FC97}.Release|Any CPU.ActiveCfg = Release|Any CPU
		{AF5F4240-B91E-4A51-AB77-FAD4F6D6FC97}.Release|Any CPU.Build.0 = Release|Any CPU
	EndGlobalSection
	GlobalSection(SolutionProperties) = preSolution
		HideSolutionNode = FALSE
	EndGlobalSection
	GlobalSection(NestedProjects) = preSolution
		{CAE53E72-00FB-442A-838D-A770BA76435F} = {0865865B-9D61-4BBF-8309-3186C478E6A8}
		{706ABA8A-5EA4-4499-911C-372E2D12CB99} = {0865865B-9D61-4BBF-8309-3186C478E6A8}
		{79D4DD1A-FC7F-4E27-A0EF-7BD54DAE3CFA} = {0865865B-9D61-4BBF-8309-3186C478E6A8}
		{CF6EE322-FC9F-444C-99F1-E24448137F50} = {9339FB62-1D42-4AE0-AD6C-32A8A5366157}
		{F51881F3-8DC0-45E2-B895-B2207BF35AB5} = {9339FB62-1D42-4AE0-AD6C-32A8A5366157}
		{2A40F494-4A8F-4BEC-AFDF-FD966073C4FF} = {9339FB62-1D42-4AE0-AD6C-32A8A5366157}
		{AB555DED-3721-4E6F-9D4C-4C8C6EE27A89} = {8322E813-3D04-4D21-B5E8-52065A5AA1C9}
		{287176AA-BE42-4597-9305-6B20198922C7} = {8322E813-3D04-4D21-B5E8-52065A5AA1C9}
		{419CF614-D5B7-4B59-8104-8D66633ACDBF} = {8322E813-3D04-4D21-B5E8-52065A5AA1C9}
		{6DCC1AA3-5F4D-46A7-B05B-8A98373DD2C2} = {0DEF969C-CEC6-4D51-8175-C29778B094E6}
		{5D625652-5C51-40E9-A60A-6534437B74F0} = {0DEF969C-CEC6-4D51-8175-C29778B094E6}
		{4AB7C7ED-CABE-4440-A81B-3E200EAE59C0} = {0DEF969C-CEC6-4D51-8175-C29778B094E6}
		{74C1E248-70FF-4450-B938-9C4E8079826F} = {74743971-B8ED-45A2-A0B6-531C2B56A3E1}
		{185FBEAF-AA1C-47BC-93D6-60CA0BDDEA1D} = {74743971-B8ED-45A2-A0B6-531C2B56A3E1}
		{3C961347-BA4F-4D87-9B31-F2E1A7491D6B} = {74743971-B8ED-45A2-A0B6-531C2B56A3E1}
		{3920C5AC-537E-48B6-8CBE-C32BFE40A20A} = {C51A4B6D-B073-48EC-8F29-82556F6F1B21}
		{260C6B38-EF76-4C6D-ADFC-7B0981E84262} = {C51A4B6D-B073-48EC-8F29-82556F6F1B21}
		{AD9EE0F9-13D2-4C66-BE57-416D29D416BD} = {C51A4B6D-B073-48EC-8F29-82556F6F1B21}
		{7CD548A2-49CD-4F1D-B19E-65DACB18BA82} = {ED7A5134-BAF3-4464-8E38-AA3164A1C2BB}
		{61D4FF3F-735D-41CF-A6DD-2A797AE6C1BC} = {ED7A5134-BAF3-4464-8E38-AA3164A1C2BB}
		{8F1048DB-A90A-4C19-B7EA-245D0B594F40} = {ED7A5134-BAF3-4464-8E38-AA3164A1C2BB}
		{2D089470-1575-4497-BA3C-0D60AABDCCEB} = {438ADA9E-3CEF-4EFD-B4F4-CC1A138602B3}
		{2F95A1A0-D9A8-42E0-A4FE-7AF12C183789} = {438ADA9E-3CEF-4EFD-B4F4-CC1A138602B3}
		{AF5F4240-B91E-4A51-AB77-FAD4F6D6FC97} = {438ADA9E-3CEF-4EFD-B4F4-CC1A138602B3}
	EndGlobalSection
	GlobalSection(ExtensibilityGlobals) = postSolution
		SolutionGuid = {34E8CBD0-22C9-4E33-B470-3B2718329A39}
	EndGlobalSection
EndGlobal
